
Microsoft Visual Studio Solution File, Format Version 12.00
# Visual Studio Version 17
VisualStudioVersion = 17.3.32929.385
MinimumVisualStudioVersion = 10.0.40219.1
Project("{FAE04EC0-301F-11D3-BF4B-00C04F79EFBC}") = "QuanLyDoanVien", "QuanLyDoanVien\QuanLyDoanVien.csproj", "{906E2075-1B49-49A6-B9CC-A6974ABDBE92}"
EndProject
Global
	GlobalSection(SolutionConfigurationPlatforms) = preSolution
		Debug|Any CPU = Debug|Any CPU
		Release|Any CPU = Release|Any CPU
	EndGlobalSection
	GlobalSection(ProjectConfigurationPlatforms) = postSolution
		{906E2075-1B49-49A6-B9CC-A6974ABDBE92}.Debug|Any CPU.ActiveCfg = Debug|Any CPU
		{906E2075-1B49-49A6-B9CC-A6974ABDBE92}.Debug|Any CPU.Build.0 = Debug|Any CPU
		{906E2075-1B49-49A6-B9CC-A6974ABDBE92}.Release|Any CPU.ActiveCfg = Release|Any CPU
		{906E2075-1B49-49A6-B9CC-A6974ABDBE92}.Release|Any CPU.Build.0 = Release|Any CPU
	EndGlobalSection
	GlobalSection(SolutionProperties) = preSolution
		HideSolutionNode = FALSE
	EndGlobalSection
	GlobalSection(ExtensibilityGlobals) = postSolution
		SolutionGuid = {A7F0CC1D-92A3-4421-B4FC-A33E0DB5845D}
	EndGlobalSection
EndGlobal
